
Microsoft Visual Studio Solution File, Format Version 12.00
# Visual Studio Version 17
VisualStudioVersion = 17.2.32519.379
MinimumVisualStudioVersion = 10.0.40219.1
Project("{FAE04EC0-301F-11D3-BF4B-00C04F79EFBC}") = "fruitcross", "fruitcross.csproj", "{1AE27DAA-6672-4158-8A92-206FE6F6622E}"
EndProject
Global
	GlobalSection(SolutionConfigurationPlatforms) = preSolution
		Debug|Any CPU = Debug|Any CPU
		Release|Any CPU = Release|Any CPU
	EndGlobalSection
	GlobalSection(ProjectConfigurationPlatforms) = postSolution
		{1AE27DAA-6672-4158-8A92-206FE6F6622E}.Debug|Any CPU.ActiveCfg = Debug|Any CPU
		{1AE27DAA-6672-4158-8A92-206FE6F6622E}.Debug|Any CPU.Build.0 = Debug|Any CPU
		{1AE27DAA-6672-4158-8A92-206FE6F6622E}.Release|Any CPU.ActiveCfg = Release|Any CPU
		{1AE27DAA-6672-4158-8A92-206FE6F6622E}.Release|Any CPU.Build.0 = Release|Any CPU
	EndGlobalSection
	GlobalSection(SolutionProperties) = preSolution
		HideSolutionNode = FALSE
	EndGlobalSection
	GlobalSection(ExtensibilityGlobals) = postSolution
		SolutionGuid = {51FE1BCF-802A-41B5-A3ED-FF3524B949A8}
	EndGlobalSection
EndGlobal
